{
  "version": 4,
  "terraform_version": "1.11.4",
  "serial": 315,
  "lineage": "2da97fa4-22a3-0536-076b-1aa6444c591e",
  "outputs": {
    "csv": {
      "value": "user,password,instance_name,ip_address,local_vnc_port\ninstructor,qvGbr:likely:eager:bluejay,nferrante-instructor,149.165.153.9,5906\nuser1,HiWDz:apparently:square:flounder,nferrante-student,149.165.155.122,5906\n",
      "type": "string"
    },
    "csv_assigment_location_msg": {
      "value": "A csv of the student assignments are located in every instructor instance in /opt/student_assignments.csv (use scp to copy locally).",
      "type": "string"
    },
    "csv_base64": {
      "value": "dXNlcixwYXNzd29yZCxpbnN0YW5jZV9uYW1lLGlwX2FkZHJlc3MsbG9jYWxfdm5jX3BvcnQKaW5zdHJ1Y3RvcixxdkdicjpsaWtlbHk6ZWFnZXI6Ymx1ZWpheSxuZmVycmFudGUtaW5zdHJ1Y3RvciwxNDkuMTY1LjE1My45LDU5MDYKdXNlcjEsSGlXRHo6YXBwYXJlbnRseTpzcXVhcmU6ZmxvdW5kZXIsbmZlcnJhbnRlLXN0dWRlbnQsMTQ5LjE2NS4xNTUuMTIyLDU5MDYK",
      "type": "string"
    }
  },
  "resources": [
    {
      "mode": "data",
      "type": "openstack_images_image_v2",
      "name": "instance_image",
      "provider": "provider[\"registry.terraform.io/terraform-provider-openstack/openstack\"]",
      "instances": [
        {
          "index_key": 0,
          "schema_version": 0,
          "attributes": {
            "checksum": "",
            "container_format": "bare",
            "created_at": "2025-05-08T23:48:49Z",
            "disk_format": "raw",
            "file": "/v2/images/58c48130-d4e2-4d61-b743-317f5842a53e/file",
            "hidden": false,
            "id": "58c48130-d4e2-4d61-b743-317f5842a53e",
            "member_status": null,
            "metadata": {},
            "min_disk_gb": 60,
            "min_ram_mb": 0,
            "most_recent": true,
            "name": "Pose-Estimation",
            "name_regex": null,
            "owner": "0e7d73fcaac54a07b27d01785c13eb15",
            "properties": {
              "base_image_ref": "85155309-ef7b-442e-b578-9586d73d3714",
              "boot_roles": "load-balancer_member,reader,member",
              "clean_attempts": "2",
              "direct_url": "rbd://60e4507c-005f-11ec-ba50-919907d6847d/images/58c48130-d4e2-4d61-b743-317f5842a53e/snap",
              "from-exosphere": "true",
              "hw_cdrom_bus": "sata",
              "hw_disk_bus": "scsi",
              "hw_firmware_type": "uefi",
              "hw_machine_type": "q35",
              "hw_qemu_guest_agent": "yes",
              "hw_scsi_model": "virtio-scsi",
              "hw_video_model": "qxl",
              "hw_vif_model": "virtio",
              "hw_virtio_packed_ring": "true",
              "image_location": "snapshot",
              "image_state": "available",
              "image_type": "snapshot",
              "instance_uuid": "46735de5-87e7-48d8-bccf-ce6611ec0ee7",
              "os_desktop": "true",
              "os_distro": "ubuntu",
              "os_require_quiesce": "yes",
              "os_version": "24.04",
              "owner_id": "0e7d73fcaac54a07b27d01785c13eb15",
              "owner_project_name": "SOC250004",
              "owner_specified.openstack.md5": "",
              "owner_specified.openstack.object": "images/Featured-Ubuntu24-main-1746193048685469957",
              "owner_specified.openstack.sha256": "",
              "owner_user_name": "nferrante@access-ci.org",
              "password_0": "",
              "password_1": "",
              "password_2": "",
              "password_3": "",
              "user_id": "7260a6d346f941ed9ce0a5c542bb9743"
            },
            "protected": false,
            "region": "IU",
            "schema": "/v2/schemas/image",
            "size_bytes": 64424509440,
            "size_max": null,
            "size_min": null,
            "sort": "name:asc",
            "tag": null,
            "tags": [],
            "updated_at": "2025-05-08T23:49:21Z",
            "visibility": "community"
          },
          "sensitive_attributes": []
        }
      ]
    },
    {
      "mode": "data",
      "type": "openstack_networking_network_v2",
      "name": "ext_network",
      "provider": "provider[\"registry.terraform.io/terraform-provider-openstack/openstack\"]",
      "instances": [
        {
          "schema_version": 0,
          "attributes": {
            "admin_state_up": "true",
            "all_tags": [],
            "availability_zone_hints": [],
            "description": "",
            "dns_domain": "",
            "external": true,
            "id": "3fe22c05-6206-4db2-9a13-44f04b6796e6",
            "matching_subnet_cidr": null,
            "mtu": 9000,
            "name": "public",
            "network_id": null,
            "region": "IU",
            "segments": [],
            "shared": "false",
            "status": null,
            "subnets": [
              "01cb75c9-58d9-4921-8a6b-6aafb359957e",
              "28ec5336-b338-4647-aed2-eb8607c80dea",
              "761ad58c-ce65-4caa-a775-8481ec1b61e5",
              "ce187172-d7d3-4258-a90c-437f7ac6835f",
              "d5b7e355-c784-491c-b10e-d936e5879dc7",
              "d6e11590-46b3-4a1f-9db3-99584dd6bc3b"
            ],
            "tags": null,
            "tenant_id": "7146c507800e4e82be58e9035c58e80f",
            "transparent_vlan": false
          },
          "sensitive_attributes": []
        }
      ]
    },
    {
      "mode": "data",
      "type": "openstack_sharedfilesystem_share_v2",
      "name": "share_01",
      "provider": "provider[\"registry.terraform.io/terraform-provider-openstack/openstack\"]",
      "instances": []
    },
    {
      "mode": "managed",
      "type": "local_file",
      "name": "ansible-inventory",
      "provider": "provider[\"registry.terraform.io/hashicorp/local\"]",
      "instances": [
        {
          "index_key": 0,
          "schema_version": 0,
          "attributes": {
            "content": "# This is a general purpose terraform -\u003e ansible inventory template\n# Using this template, there are many ways to refer to hosts\n#   'all' can be used to refer to all hosts, of course\n#   'group_name[0]'\n#   name of resource + index\n# The k3-* groups should be left in for ansible-k3s, if we want to be able to use it\n# if you want to change the template on an existing `terraform apply` or change the inputs, just do another `terraform apply` and the new inventory will be generated\nall:\n    hosts:\n        nferrante-instructor:\n            ansible_host: 149.165.153.9\n            students:\n              instructor:\n                password: \"qvGbr:likely:eager:bluejay\"\n                display_number: 6\n\n        nferrante-student:\n            ansible_host: 149.165.155.122\n            students:\n              user1:\n                password: \"HiWDz:apparently:square:flounder\"\n                display_number: 6\n    vars:\n        CONNECTION_USERNAMES:\n          - 'nferrante@access-ci.org'\n          - 'ubuntu'\n          - 'almalinux'\n          - 'rocky'\n          - 'centos'\n#          - 'debian'\n#          - 'fedora'\n#          - 'cloud-user'\n#          - 'opensuse'\n          - 'root'\n        SHARE_ENABLE: false\n        CSV_EMAIL: \"\"\n        CSV_LOCAL_FILE_PATH: \"student_assignments.csv\"\n        CSV_ASSIGNMENTS_UPLOAD_LOCATION: /opt/student_assignments.csv\n    children:\n        instructor_instances:\n            hosts:\n                nferrante-instructor:\n",
            "content_base64": null,
            "content_base64sha256": "mYj0KqWSqe+6ufykt7jL87bruHWPHEP52SlVkwA/2bk=",
            "content_base64sha512": "WTMAGVV4B4ivyw8oPhUEFgc22x9o9gPLgsCHp773mgLnzYZhkb7zIZUAnm/Xf7BxAp5uYt7L2h3u6jTS3HpPeA==",
            "content_md5": "127e1d321b8f75554e541414acf440a8",
            "content_sha1": "31cb2c4809c326caf681dcf281aa4677c3d4595b",
            "content_sha256": "9988f42aa592a9efbab9fca4b7b8cbf3b6ebb8758f1c43f9d9295593003fd9b9",
            "content_sha512": "5933001955780788afcb0f283e1504160736db1f68f603cb82c087a7bef79a02e7cd866191bef32195009e6fd77fb071029e6e62decbda1deeea34d2dc7a4f78",
            "directory_permission": "0777",
            "file_permission": "0777",
            "filename": "./ansible/hosts.yml",
            "id": "31cb2c4809c326caf681dcf281aa4677c3d4595b",
            "sensitive_content": null,
            "source": null
          },
          "sensitive_attributes": [
            [
              {
                "type": "get_attr",
                "value": "sensitive_content"
              }
            ]
          ],
          "dependencies": [
            "data.openstack_images_image_v2.instance_image",
            "data.openstack_networking_network_v2.ext_network",
            "data.openstack_sharedfilesystem_share_v2.share_01",
            "openstack_compute_floatingip_associate_v2.instructor_floatingips_associate",
            "openstack_compute_floatingip_associate_v2.student_floatingips_associate",
            "openstack_compute_instance_v2.instructor_instance",
            "openstack_compute_instance_v2.student_instance",
            "openstack_networking_floatingip_v2.instructor_floatingips",
            "openstack_networking_floatingip_v2.student_floatingips",
            "random_pet.random_instructor_password",
            "random_pet.random_password_student",
            "random_string.password_random_separator",
            "random_string.random_instructor_password_prefix",
            "random_string.random_password_prefix",
            "time_sleep.instructor_fip_associate_timewait",
            "time_sleep.student_fip_associate_timewait"
          ]
        }
      ]
    },
    {
      "mode": "managed",
      "type": "local_file",
      "name": "student_assignments_csv",
      "provider": "provider[\"registry.terraform.io/hashicorp/local\"]",
      "instances": [
        {
          "schema_version": 0,
          "attributes": {
            "content": "user,password,instance_name,ip_address,local_vnc_port\ninstructor,qvGbr:likely:eager:bluejay,nferrante-instructor,149.165.153.9,5906\nuser1,HiWDz:apparently:square:flounder,nferrante-student,149.165.155.122,5906\n",
            "content_base64": null,
            "content_base64sha256": "hjo5XhqsUMzlfqRYnjv0qt9WEjg3BIBPDiNJ/8U6OuY=",
            "content_base64sha512": "s3M8IArmPjtX9gPU0NVfISXlufjFqkyMexgiA3o2MJHLPXJx+u2sl8zKiVu+874KwzBCW8kxSqYwqfKn8jLYQg==",
            "content_md5": "3071789717894786b9380af5d1e79303",
            "content_sha1": "d0f3a7c765f55f8ecceb11f27530d7ab11ee048f",
            "content_sha256": "863a395e1aac50cce57ea4589e3bf4aadf5612383704804f0e2349ffc53a3ae6",
            "content_sha512": "b3733c200ae63e3b57f603d4d0d55f2125e5b9f8c5aa4c8c7b1822037a363091cb3d7271faedac97ccca895bbef3be0ac330425bc9314aa630a9f2a7f232d842",
            "directory_permission": "0777",
            "file_permission": "0777",
            "filename": "./ansible/student_assignments.csv",
            "id": "d0f3a7c765f55f8ecceb11f27530d7ab11ee048f",
            "sensitive_content": null,
            "source": null
          },
          "sensitive_attributes": [
            [
              {
                "type": "get_attr",
                "value": "sensitive_content"
              }
            ]
          ],
          "dependencies": [
            "data.openstack_images_image_v2.instance_image",
            "data.openstack_networking_network_v2.ext_network",
            "openstack_compute_instance_v2.instructor_instance",
            "openstack_compute_instance_v2.student_instance",
            "openstack_networking_floatingip_v2.instructor_floatingips",
            "openstack_networking_floatingip_v2.student_floatingips",
            "random_pet.random_instructor_password",
            "random_pet.random_password_student",
            "random_string.password_random_separator",
            "random_string.random_instructor_password_prefix",
            "random_string.random_password_prefix"
          ]
        }
      ]
    },
    {
      "mode": "managed",
      "type": "null_resource",
      "name": "ansible-execution",
      "provider": "provider[\"registry.terraform.io/hashicorp/null\"]",
      "instances": [
        {
          "index_key": 0,
          "status": "tainted",
          "schema_version": 0,
          "attributes": {
            "id": "3720686303400415915",
            "triggers": {
              "always_run": "2025-05-10T23:12:05Z"
            }
          },
          "sensitive_attributes": [],
          "dependencies": [
            "data.openstack_images_image_v2.instance_image",
            "data.openstack_networking_network_v2.ext_network",
            "data.openstack_sharedfilesystem_share_v2.share_01",
            "local_file.ansible-inventory",
            "local_file.student_assignments_csv",
            "openstack_compute_floatingip_associate_v2.instructor_floatingips_associate",
            "openstack_compute_floatingip_associate_v2.student_floatingips_associate",
            "openstack_compute_instance_v2.instructor_instance",
            "openstack_compute_instance_v2.student_instance",
            "openstack_networking_floatingip_v2.instructor_floatingips",
            "openstack_networking_floatingip_v2.student_floatingips",
            "random_pet.random_instructor_password",
            "random_pet.random_password_student",
            "random_string.password_random_separator",
            "random_string.random_instructor_password_prefix",
            "random_string.random_password_prefix",
            "time_sleep.instructor_fip_associate_timewait",
            "time_sleep.student_fip_associate_timewait"
          ]
        }
      ]
    },
    {
      "mode": "managed",
      "type": "openstack_compute_floatingip_associate_v2",
      "name": "instructor_floatingips_associate",
      "provider": "provider[\"registry.terraform.io/terraform-provider-openstack/openstack\"]",
      "instances": [
        {
          "index_key": 0,
          "schema_version": 0,
          "attributes": {
            "fixed_ip": "",
            "floating_ip": "149.165.153.9",
            "id": "149.165.153.9/3bd7b74c-4416-4d6a-be34-3d3e611a6083/",
            "instance_id": "3bd7b74c-4416-4d6a-be34-3d3e611a6083",
            "region": "IU",
            "timeouts": null,
            "wait_until_associated": null
          },
          "sensitive_attributes": [],
          "private": "eyJlMmJmYjczMC1lY2FhLTExZTYtOGY4OC0zNDM2M2JjN2M0YzAiOnsiY3JlYXRlIjo2MDAwMDAwMDAwMDB9fQ==",
          "dependencies": [
            "data.openstack_images_image_v2.instance_image",
            "data.openstack_networking_network_v2.ext_network",
            "openstack_compute_instance_v2.instructor_instance",
            "openstack_networking_floatingip_v2.instructor_floatingips",
            "time_sleep.instructor_fip_associate_timewait"
          ]
        }
      ]
    },
    {
      "mode": "managed",
      "type": "openstack_compute_floatingip_associate_v2",
      "name": "student_floatingips_associate",
      "provider": "provider[\"registry.terraform.io/terraform-provider-openstack/openstack\"]",
      "instances": [
        {
          "index_key": 0,
          "schema_version": 0,
          "attributes": {
            "fixed_ip": "",
            "floating_ip": "149.165.155.122",
            "id": "149.165.155.122/b06f5906-2a05-4e0e-8c1a-7861455391f8/",
            "instance_id": "b06f5906-2a05-4e0e-8c1a-7861455391f8",
            "region": "IU",
            "timeouts": null,
            "wait_until_associated": null
          },
          "sensitive_attributes": [],
          "private": "eyJlMmJmYjczMC1lY2FhLTExZTYtOGY4OC0zNDM2M2JjN2M0YzAiOnsiY3JlYXRlIjo2MDAwMDAwMDAwMDB9fQ==",
          "dependencies": [
            "data.openstack_images_image_v2.instance_image",
            "data.openstack_networking_network_v2.ext_network",
            "openstack_compute_instance_v2.student_instance",
            "openstack_networking_floatingip_v2.student_floatingips",
            "time_sleep.student_fip_associate_timewait"
          ]
        }
      ]
    },
    {
      "mode": "managed",
      "type": "openstack_compute_instance_v2",
      "name": "instructor_instance",
      "provider": "provider[\"registry.terraform.io/terraform-provider-openstack/openstack\"]",
      "instances": [
        {
          "index_key": 0,
          "schema_version": 0,
          "attributes": {
            "access_ip_v4": "10.1.169.46",
            "access_ip_v6": "",
            "admin_pass": null,
            "all_metadata": {},
            "all_tags": [
              "actor=nferrante@access-ci.org",
              "cacao",
              "project=SOC250004",
              "template=vms4workshop"
            ],
            "availability_zone": "nova",
            "availability_zone_hints": null,
            "block_device": [
              {
                "boot_index": 0,
                "delete_on_termination": true,
                "destination_type": "local",
                "device_type": "",
                "disk_bus": "",
                "guest_format": "",
                "multiattach": false,
                "source_type": "image",
                "uuid": "58c48130-d4e2-4d61-b743-317f5842a53e",
                "volume_size": 0,
                "volume_type": ""
              }
            ],
            "config_drive": null,
            "created": "2025-05-10 23:11:11 +0000 UTC",
            "flavor_id": "11",
            "flavor_name": "g3.medium",
            "force_delete": false,
            "id": "3bd7b74c-4416-4d6a-be34-3d3e611a6083",
            "image_id": "58c48130-d4e2-4d61-b743-317f5842a53e",
            "image_name": "Pose-Estimation",
            "key_pair": "keypair-nferrante",
            "metadata": null,
            "name": "nferrante-instructor",
            "network": [
              {
                "access_network": false,
                "fixed_ip_v4": "10.1.169.46",
                "fixed_ip_v6": "",
                "mac": "fa:16:3e:0f:3b:3d",
                "name": "auto_allocated_network",
                "port": "",
                "uuid": "efbcc856-e02a-4ac1-bde3-323dc3e6264e"
              }
            ],
            "network_mode": null,
            "personality": [],
            "power_state": "active",
            "region": "IU",
            "scheduler_hints": [],
            "security_groups": [
              "cacao-default",
              "default"
            ],
            "stop_before_destroy": false,
            "tags": [
              "actor=nferrante@access-ci.org",
              "cacao",
              "project=SOC250004",
              "template=vms4workshop"
            ],
            "timeouts": null,
            "updated": "2025-05-10 23:11:23 +0000 UTC",
            "user_data": "da39a3ee5e6b4b0d3255bfef95601890afd80709",
            "vendor_options": []
          },
          "sensitive_attributes": [
            [
              {
                "type": "get_attr",
                "value": "admin_pass"
              }
            ]
          ],
          "private": "eyJlMmJmYjczMC1lY2FhLTExZTYtOGY4OC0zNDM2M2JjN2M0YzAiOnsiY3JlYXRlIjoxODAwMDAwMDAwMDAwLCJkZWxldGUiOjE4MDAwMDAwMDAwMDAsInVwZGF0ZSI6MTgwMDAwMDAwMDAwMH19",
          "dependencies": [
            "data.openstack_images_image_v2.instance_image"
          ]
        }
      ]
    },
    {
      "mode": "managed",
      "type": "openstack_compute_instance_v2",
      "name": "student_instance",
      "provider": "provider[\"registry.terraform.io/terraform-provider-openstack/openstack\"]",
      "instances": [
        {
          "index_key": 0,
          "schema_version": 0,
          "attributes": {
            "access_ip_v4": "10.1.169.243",
            "access_ip_v6": "",
            "admin_pass": null,
            "all_metadata": {},
            "all_tags": [
              "actor=nferrante@access-ci.org",
              "cacao",
              "project=SOC250004",
              "template=vms4workshop"
            ],
            "availability_zone": "nova",
            "availability_zone_hints": null,
            "block_device": [
              {
                "boot_index": 0,
                "delete_on_termination": true,
                "destination_type": "local",
                "device_type": "",
                "disk_bus": "",
                "guest_format": "",
                "multiattach": false,
                "source_type": "image",
                "uuid": "58c48130-d4e2-4d61-b743-317f5842a53e",
                "volume_size": 0,
                "volume_type": ""
              }
            ],
            "config_drive": null,
            "created": "2025-05-10 23:11:11 +0000 UTC",
            "flavor_id": "11",
            "flavor_name": "g3.medium",
            "force_delete": false,
            "id": "b06f5906-2a05-4e0e-8c1a-7861455391f8",
            "image_id": "58c48130-d4e2-4d61-b743-317f5842a53e",
            "image_name": "Pose-Estimation",
            "key_pair": "keypair-nferrante",
            "metadata": null,
            "name": "nferrante-student",
            "network": [
              {
                "access_network": false,
                "fixed_ip_v4": "10.1.169.243",
                "fixed_ip_v6": "",
                "mac": "fa:16:3e:c8:d5:a0",
                "name": "auto_allocated_network",
                "port": "",
                "uuid": "efbcc856-e02a-4ac1-bde3-323dc3e6264e"
              }
            ],
            "network_mode": null,
            "personality": [],
            "power_state": "active",
            "region": "IU",
            "scheduler_hints": [],
            "security_groups": [
              "cacao-default",
              "default"
            ],
            "stop_before_destroy": false,
            "tags": [
              "actor=nferrante@access-ci.org",
              "cacao",
              "project=SOC250004",
              "template=vms4workshop"
            ],
            "timeouts": null,
            "updated": "2025-05-10 23:11:25 +0000 UTC",
            "user_data": "da39a3ee5e6b4b0d3255bfef95601890afd80709",
            "vendor_options": []
          },
          "sensitive_attributes": [
            [
              {
                "type": "get_attr",
                "value": "admin_pass"
              }
            ]
          ],
          "private": "eyJlMmJmYjczMC1lY2FhLTExZTYtOGY4OC0zNDM2M2JjN2M0YzAiOnsiY3JlYXRlIjoxODAwMDAwMDAwMDAwLCJkZWxldGUiOjE4MDAwMDAwMDAwMDAsInVwZGF0ZSI6MTgwMDAwMDAwMDAwMH19",
          "dependencies": [
            "data.openstack_images_image_v2.instance_image"
          ]
        }
      ]
    },
    {
      "mode": "managed",
      "type": "openstack_networking_floatingip_v2",
      "name": "instructor_floatingips",
      "provider": "provider[\"registry.terraform.io/terraform-provider-openstack/openstack\"]",
      "instances": [
        {
          "index_key": 0,
          "schema_version": 0,
          "attributes": {
            "address": "149.165.153.9",
            "all_tags": [
              "actor=nferrante@access-ci.org",
              "cacao",
              "project=SOC250004",
              "template=vms4workshop"
            ],
            "description": "floating ip for nferrante-instructor, 0/1",
            "dns_domain": "",
            "dns_name": "",
            "fixed_ip": "",
            "id": "64aa5b15-4ca2-437c-b1d2-f0e81c6f5943",
            "pool": "public",
            "port_id": "",
            "region": "IU",
            "subnet_id": null,
            "subnet_ids": null,
            "tags": [
              "actor=nferrante@access-ci.org",
              "cacao",
              "project=SOC250004",
              "template=vms4workshop"
            ],
            "tenant_id": "0e7d73fcaac54a07b27d01785c13eb15",
            "timeouts": null,
            "value_specs": null
          },
          "sensitive_attributes": [],
          "private": "eyJlMmJmYjczMC1lY2FhLTExZTYtOGY4OC0zNDM2M2JjN2M0YzAiOnsiY3JlYXRlIjo2MDAwMDAwMDAwMDAsImRlbGV0ZSI6NjAwMDAwMDAwMDAwfX0=",
          "dependencies": [
            "data.openstack_networking_network_v2.ext_network"
          ]
        }
      ]
    },
    {
      "mode": "managed",
      "type": "openstack_networking_floatingip_v2",
      "name": "student_floatingips",
      "provider": "provider[\"registry.terraform.io/terraform-provider-openstack/openstack\"]",
      "instances": [
        {
          "index_key": 0,
          "schema_version": 0,
          "attributes": {
            "address": "149.165.155.122",
            "all_tags": [
              "actor=nferrante@access-ci.org",
              "cacao",
              "project=SOC250004",
              "template=vms4workshop"
            ],
            "description": "floating ip for nferrante-student, 0/1",
            "dns_domain": "",
            "dns_name": "",
            "fixed_ip": "",
            "id": "6e811112-3943-4d31-9337-d944bda4f39b",
            "pool": "public",
            "port_id": "",
            "region": "IU",
            "subnet_id": null,
            "subnet_ids": null,
            "tags": [
              "actor=nferrante@access-ci.org",
              "cacao",
              "project=SOC250004",
              "template=vms4workshop"
            ],
            "tenant_id": "0e7d73fcaac54a07b27d01785c13eb15",
            "timeouts": null,
            "value_specs": null
          },
          "sensitive_attributes": [],
          "private": "eyJlMmJmYjczMC1lY2FhLTExZTYtOGY4OC0zNDM2M2JjN2M0YzAiOnsiY3JlYXRlIjo2MDAwMDAwMDAwMDAsImRlbGV0ZSI6NjAwMDAwMDAwMDAwfX0=",
          "dependencies": [
            "data.openstack_networking_network_v2.ext_network"
          ]
        }
      ]
    },
    {
      "mode": "managed",
      "type": "random_pet",
      "name": "random_instructor_password",
      "provider": "provider[\"registry.terraform.io/hashicorp/random\"]",
      "instances": [
        {
          "schema_version": 0,
          "attributes": {
            "id": "qvGbr:likely:eager:bluejay",
            "keepers": {
              "instance_uuid": "3bd7b74c-4416-4d6a-be34-3d3e611a6083",
              "username": "nferrante@access-ci.org"
            },
            "length": 3,
            "prefix": "qvGbr",
            "separator": ":"
          },
          "sensitive_attributes": [],
          "dependencies": [
            "data.openstack_images_image_v2.instance_image",
            "openstack_compute_instance_v2.instructor_instance",
            "random_string.password_random_separator",
            "random_string.random_instructor_password_prefix"
          ]
        }
      ]
    },
    {
      "mode": "managed",
      "type": "random_pet",
      "name": "random_password_student",
      "provider": "provider[\"registry.terraform.io/hashicorp/random\"]",
      "instances": [
        {
          "index_key": 0,
          "schema_version": 0,
          "attributes": {
            "id": "HiWDz:apparently:square:flounder",
            "keepers": {
              "instance_uuid": "b06f5906-2a05-4e0e-8c1a-7861455391f8",
              "username": "user1"
            },
            "length": 3,
            "prefix": "HiWDz",
            "separator": ":"
          },
          "sensitive_attributes": [],
          "dependencies": [
            "data.openstack_images_image_v2.instance_image",
            "openstack_compute_instance_v2.instructor_instance",
            "openstack_compute_instance_v2.student_instance",
            "random_string.password_random_separator",
            "random_string.random_password_prefix"
          ]
        }
      ]
    },
    {
      "mode": "managed",
      "type": "random_string",
      "name": "password_random_separator",
      "provider": "provider[\"registry.terraform.io/hashicorp/random\"]",
      "instances": [
        {
          "schema_version": 2,
          "attributes": {
            "id": ":",
            "keepers": {
              "instance_uuid": "3bd7b74c-4416-4d6a-be34-3d3e611a6083",
              "username": "nferrante@access-ci.org"
            },
            "length": 1,
            "lower": false,
            "min_lower": 0,
            "min_numeric": 0,
            "min_special": 0,
            "min_upper": 0,
            "number": false,
            "numeric": false,
            "override_special": "~!@#$^\u0026*-_+=:;\u003c\u003e",
            "result": ":",
            "special": true,
            "upper": false
          },
          "sensitive_attributes": [],
          "dependencies": [
            "data.openstack_images_image_v2.instance_image",
            "openstack_compute_instance_v2.instructor_instance"
          ]
        }
      ]
    },
    {
      "mode": "managed",
      "type": "random_string",
      "name": "random_instructor_password_prefix",
      "provider": "provider[\"registry.terraform.io/hashicorp/random\"]",
      "instances": [
        {
          "schema_version": 2,
          "attributes": {
            "id": "qvGbr",
            "keepers": {
              "instance_uuid": "3bd7b74c-4416-4d6a-be34-3d3e611a6083",
              "username": "nferrante@access-ci.org"
            },
            "length": 5,
            "lower": true,
            "min_lower": 0,
            "min_numeric": 0,
            "min_special": 0,
            "min_upper": 0,
            "number": true,
            "numeric": true,
            "override_special": null,
            "result": "qvGbr",
            "special": false,
            "upper": true
          },
          "sensitive_attributes": [],
          "dependencies": [
            "data.openstack_images_image_v2.instance_image",
            "openstack_compute_instance_v2.instructor_instance"
          ]
        }
      ]
    },
    {
      "mode": "managed",
      "type": "random_string",
      "name": "random_password_prefix",
      "provider": "provider[\"registry.terraform.io/hashicorp/random\"]",
      "instances": [
        {
          "index_key": 0,
          "schema_version": 2,
          "attributes": {
            "id": "HiWDz",
            "keepers": {
              "instance_uuid": "b06f5906-2a05-4e0e-8c1a-7861455391f8",
              "username": "user1"
            },
            "length": 5,
            "lower": true,
            "min_lower": 0,
            "min_numeric": 0,
            "min_special": 0,
            "min_upper": 0,
            "number": true,
            "numeric": true,
            "override_special": null,
            "result": "HiWDz",
            "special": false,
            "upper": true
          },
          "sensitive_attributes": [],
          "dependencies": [
            "data.openstack_images_image_v2.instance_image",
            "openstack_compute_instance_v2.student_instance"
          ]
        }
      ]
    },
    {
      "mode": "managed",
      "type": "time_sleep",
      "name": "instructor_fip_associate_timewait",
      "provider": "provider[\"registry.terraform.io/hashicorp/time\"]",
      "instances": [
        {
          "index_key": 0,
          "schema_version": 0,
          "attributes": {
            "create_duration": "30s",
            "destroy_duration": null,
            "id": "2025-05-10T23:11:56Z",
            "triggers": null
          },
          "sensitive_attributes": [],
          "dependencies": [
            "data.openstack_images_image_v2.instance_image",
            "data.openstack_networking_network_v2.ext_network",
            "openstack_compute_instance_v2.instructor_instance",
            "openstack_networking_floatingip_v2.instructor_floatingips"
          ]
        }
      ]
    },
    {
      "mode": "managed",
      "type": "time_sleep",
      "name": "student_fip_associate_timewait",
      "provider": "provider[\"registry.terraform.io/hashicorp/time\"]",
      "instances": [
        {
          "index_key": 0,
          "schema_version": 0,
          "attributes": {
            "create_duration": "30s",
            "destroy_duration": null,
            "id": "2025-05-10T23:12:02Z",
            "triggers": null
          },
          "sensitive_attributes": [],
          "dependencies": [
            "data.openstack_images_image_v2.instance_image",
            "data.openstack_networking_network_v2.ext_network",
            "openstack_compute_instance_v2.student_instance",
            "openstack_networking_floatingip_v2.student_floatingips"
          ]
        }
      ]
    }
  ],
  "check_results": [
    {
      "object_kind": "resource",
      "config_addr": "openstack_compute_instance_v2.student_instance",
      "status": "pass",
      "objects": [
        {
          "object_addr": "openstack_compute_instance_v2.student_instance[0]",
          "status": "pass"
        }
      ]
    },
    {
      "object_kind": "resource",
      "config_addr": "openstack_compute_instance_v2.instructor_instance",
      "status": "pass",
      "objects": [
        {
          "object_addr": "openstack_compute_instance_v2.instructor_instance[0]",
          "status": "pass"
        }
      ]
    }
  ]
}
